<?xml version="1.0" encoding="utf-8"?>
<Project ToolsVersion="4.0" xmlns="http://schemas.microsoft.com/developer/msbuild/2003">
  <ItemGroup>
    <Filter Include="Entry">
      <UniqueIdentifier>{70de14be-bada-435c-95dd-b9d91a500ffd}</UniqueIdentifier>
    </Filter>
    <Filter Include="Player">
      <UniqueIdentifier>{e0931eaa-db1b-4a7a-80db-c412d4a2791a}</UniqueIdentifier>
    </Filter>
    <Filter Include="Observers">
      <UniqueIdentifier>{256512ef-2ca4-496a-a3ec-a82b663857ba}</UniqueIdentifier>
    </Filter>
    <Filter Include="Level">
      <UniqueIdentifier>{44909f48-3723-4159-8b91-94d18145c59e}</UniqueIdentifier>
    </Filter>
  </ItemGroup>
  <ItemGroup>
    <ClCompile Include="SandboxApp.cpp">
      <Filter>Entry</Filter>
    </ClCompile>
    <ClCompile Include="LiveObserver.cpp">
      <Filter>Observers</Filter>
    </ClCompile>
    <ClCompile Include="Lives.cpp">
      <Filter>Observers</Filter>
    </ClCompile>
    <ClCompile Include="Score.cpp">
      <Filter>Observers</Filter>
    </ClCompile>
    <ClCompile Include="ScoreObserver.cpp">
      <Filter>Observers</Filter>
    </ClCompile>
    <ClCompile Include="PlayerComponent.cpp">
      <Filter>Player</Filter>
    </ClCompile>
    <ClCompile Include="Tile.cpp">
      <Filter>Level</Filter>
    </ClCompile>
    <ClCompile Include="Grid.cpp">
      <Filter>Level</Filter>
    </ClCompile>
  </ItemGroup>
  <ItemGroup>
    <ClInclude Include="Lives.h">
      <Filter>Observers</Filter>
    </ClInclude>
    <ClInclude Include="LiveObserver.h">
      <Filter>Observers</Filter>
    </ClInclude>
    <ClInclude Include="ScoreObserver.h">
      <Filter>Observers</Filter>
    </ClInclude>
    <ClInclude Include="Score.h">
      <Filter>Observers</Filter>
    </ClInclude>
    <ClInclude Include="PlayerComponent.h">
      <Filter>Player</Filter>
    </ClInclude>
    <ClInclude Include="Tile.h">
      <Filter>Level</Filter>
    </ClInclude>
    <ClInclude Include="Grid.h">
      <Filter>Level</Filter>
    </ClInclude>
  </ItemGroup>
</Project>