<?xml version="1.0" encoding="utf-8"?>
<Project ToolsVersion="4.0" xmlns="http://schemas.microsoft.com/developer/msbuild/2003">
  <ItemGroup>
    <Filter Include="Entry">
      <UniqueIdentifier>{8480aafb-95ae-41ab-a958-24b82fbab251}</UniqueIdentifier>
    </Filter>
  </ItemGroup>
  <ItemGroup>
    <ClCompile Include="SandboxApp.cpp">
      <Filter>Entry</Filter>
    </ClCompile>
  </ItemGroup>
</Project>