<?xml version="1.0" encoding="utf-8"?>
<Project ToolsVersion="4.0" xmlns="http://schemas.microsoft.com/developer/msbuild/2003">
  <ItemGroup>
    <Filter Include="Entry">
      <UniqueIdentifier>{70de14be-bada-435c-95dd-b9d91a500ffd}</UniqueIdentifier>
    </Filter>
    <Filter Include="Player">
      <UniqueIdentifier>{e0931eaa-db1b-4a7a-80db-c412d4a2791a}</UniqueIdentifier>
    </Filter>
  </ItemGroup>
  <ItemGroup>
    <ClCompile Include="SandboxApp.cpp">
      <Filter>Entry</Filter>
    </ClCompile>
    <ClCompile Include="Score.cpp" />
    <ClCompile Include="ScoreObserver.cpp" />
    <ClCompile Include="LiveObserver.cpp" />
    <ClCompile Include="Lives.cpp" />
    <ClCompile Include="PlayerComponent.cpp" />
  </ItemGroup>
  <ItemGroup>
    <ClInclude Include="ScoreObserver.h" />
    <ClInclude Include="Score.h" />
    <ClInclude Include="PlayerComponent.h" />
    <ClInclude Include="LiveObserver.h" />
    <ClInclude Include="Lives.h" />
  </ItemGroup>
</Project>