<?xml version="1.0" encoding="utf-8"?>
<Project ToolsVersion="4.0" xmlns="http://schemas.microsoft.com/developer/msbuild/2003">
  <ItemGroup>
    <ClInclude Include="Audio.h">
      <Filter>Audio</Filter>
    </ClInclude>
    <ClInclude Include="Application.h">
      <Filter>Core</Filter>
    </ClInclude>
    <ClInclude Include="ENTRYPOINT.H">
      <Filter>Core</Filter>
    </ClInclude>
    <ClInclude Include="..\3rdParty\imgui-1.81\imconfig.h">
      <Filter>Imgui</Filter>
    </ClInclude>
    <ClInclude Include="..\3rdParty\imgui-1.81\imgui.h">
      <Filter>Imgui</Filter>
    </ClInclude>
    <ClInclude Include="..\3rdParty\imgui-1.81\imgui_internal.h">
      <Filter>Imgui</Filter>
    </ClInclude>
    <ClInclude Include="..\3rdParty\imgui-1.81\imstb_rectpack.h">
      <Filter>Imgui</Filter>
    </ClInclude>
    <ClInclude Include="..\3rdParty\imgui-1.81\imstb_textedit.h">
      <Filter>Imgui</Filter>
    </ClInclude>
    <ClInclude Include="..\3rdParty\imgui-1.81\imstb_truetype.h">
      <Filter>Imgui</Filter>
    </ClInclude>
    <ClInclude Include="..\3rdParty\imgui-1.81\backends\imgui_impl_opengl2.h">
      <Filter>Imgui</Filter>
    </ClInclude>
    <ClInclude Include="..\3rdParty\imgui-1.81\backends\imgui_impl_sdl.h">
      <Filter>Imgui</Filter>
    </ClInclude>
    <ClInclude Include="BaseComponent.h">
      <Filter>GameObject\Component</Filter>
    </ClInclude>
    <ClInclude Include="FPSComponent.h">
      <Filter>GameObject\Component</Filter>
    </ClInclude>
    <ClInclude Include="TextComponent.h">
      <Filter>GameObject\Component</Filter>
    </ClInclude>
    <ClInclude Include="Transform.h">
      <Filter>GameObject\Component</Filter>
    </ClInclude>
    <ClInclude Include="SceneManager.h">
      <Filter>Scenes, ServiceLocator And Managers</Filter>
    </ClInclude>
    <ClInclude Include="Scene.h">
      <Filter>Scenes, ServiceLocator And Managers</Filter>
    </ClInclude>
    <ClInclude Include="ResourceManager.h">
      <Filter>Scenes, ServiceLocator And Managers</Filter>
    </ClInclude>
    <ClInclude Include="ServiceLocator.h">
      <Filter>Scenes, ServiceLocator And Managers</Filter>
    </ClInclude>
    <ClInclude Include="Singleton.h">
      <Filter>Scenes, ServiceLocator And Managers</Filter>
    </ClInclude>
    <ClInclude Include="Renderer.h">
      <Filter>Renderer</Filter>
    </ClInclude>
    <ClInclude Include="Texture2D.h">
      <Filter>GameObject\Component</Filter>
    </ClInclude>
    <ClInclude Include="Minigin.h">
      <Filter>Core</Filter>
    </ClInclude>
    <ClInclude Include="Midestiny.h">
      <Filter>Core</Filter>
    </ClInclude>
    <ClInclude Include="MiniginPCH.h">
      <Filter>Core</Filter>
    </ClInclude>
    <ClInclude Include="InputManager.h">
      <Filter>Input, Commands And Observers</Filter>
    </ClInclude>
    <ClInclude Include="Commands.h">
      <Filter>Input, Commands And Observers</Filter>
    </ClInclude>
    <ClInclude Include="Input.h">
      <Filter>Input, Commands And Observers</Filter>
    </ClInclude>
    <ClInclude Include="GameObject.h">
      <Filter>GameObject</Filter>
    </ClInclude>
    <ClInclude Include="Font.h">
      <Filter>GameObject\Component</Filter>
    </ClInclude>
    <ClInclude Include="MeTime.h">
      <Filter>Scenes, ServiceLocator And Managers</Filter>
    </ClInclude>
    <ClInclude Include="EventSubject.h">
      <Filter>Input, Commands And Observers</Filter>
    </ClInclude>
    <ClInclude Include="EventObserver.h">
      <Filter>Input, Commands And Observers</Filter>
    </ClInclude>
    <ClInclude Include="TextureSpriteSheet.h">
      <Filter>GameObject\Component</Filter>
    </ClInclude>
    <ClInclude Include="Log.h">
      <Filter>Logging</Filter>
    </ClInclude>
    <ClInclude Include="Button.h">
      <Filter>UI</Filter>
    </ClInclude>
    <ClInclude Include="BinaryWriter.h">
      <Filter>Binary Reader And Writer</Filter>
    </ClInclude>
    <ClInclude Include="BinaryReader.h">
      <Filter>Binary Reader And Writer</Filter>
    </ClInclude>
    <ClInclude Include="UIElement.h">
      <Filter>UI</Filter>
    </ClInclude>
    <ClInclude Include="UIManager.h">
      <Filter>UI</Filter>
    </ClInclude>
    <ClInclude Include="BinaryDataType.h">
      <Filter>Binary Reader And Writer</Filter>
    </ClInclude>
    <ClInclude Include="FunctionCommand.h">
      <Filter>Input, Commands And Observers</Filter>
    </ClInclude>
    <ClInclude Include="BoxCollider.h">
      <Filter>GameObject\Component</Filter>
    </ClInclude>
  </ItemGroup>
  <ItemGroup>
    <ClCompile Include="Audio.cpp">
      <Filter>Audio</Filter>
    </ClCompile>
    <ClCompile Include="Application.cpp">
      <Filter>Core</Filter>
    </ClCompile>
    <ClCompile Include="..\3rdParty\imgui-1.81\imgui.cpp">
      <Filter>Imgui</Filter>
    </ClCompile>
    <ClCompile Include="..\3rdParty\imgui-1.81\imgui_demo.cpp">
      <Filter>Imgui</Filter>
    </ClCompile>
    <ClCompile Include="..\3rdParty\imgui-1.81\imgui_draw.cpp">
      <Filter>Imgui</Filter>
    </ClCompile>
    <ClCompile Include="..\3rdParty\imgui-1.81\imgui_tables.cpp">
      <Filter>Imgui</Filter>
    </ClCompile>
    <ClCompile Include="..\3rdParty\imgui-1.81\imgui_widgets.cpp">
      <Filter>Imgui</Filter>
    </ClCompile>
    <ClCompile Include="..\3rdParty\imgui-1.81\backends\imgui_impl_opengl2.cpp">
      <Filter>Imgui</Filter>
    </ClCompile>
    <ClCompile Include="..\3rdParty\imgui-1.81\backends\imgui_impl_sdl.cpp">
      <Filter>Imgui</Filter>
    </ClCompile>
    <ClCompile Include="BaseComponent.cpp">
      <Filter>GameObject\Component</Filter>
    </ClCompile>
    <ClCompile Include="FPSComponent.cpp">
      <Filter>GameObject\Component</Filter>
    </ClCompile>
    <ClCompile Include="TextComponent.cpp">
      <Filter>GameObject\Component</Filter>
    </ClCompile>
    <ClCompile Include="Transform.cpp">
      <Filter>GameObject\Component</Filter>
    </ClCompile>
    <ClCompile Include="Scene.cpp">
      <Filter>Scenes, ServiceLocator And Managers</Filter>
    </ClCompile>
    <ClCompile Include="SceneManager.cpp">
      <Filter>Scenes, ServiceLocator And Managers</Filter>
    </ClCompile>
    <ClCompile Include="ResourceManager.cpp">
      <Filter>Scenes, ServiceLocator And Managers</Filter>
    </ClCompile>
    <ClCompile Include="ServiceLocator.cpp">
      <Filter>Scenes, ServiceLocator And Managers</Filter>
    </ClCompile>
    <ClCompile Include="Renderer.cpp">
      <Filter>Renderer</Filter>
    </ClCompile>
    <ClCompile Include="Texture2D.cpp">
      <Filter>GameObject\Component</Filter>
    </ClCompile>
    <ClCompile Include="Minigin.cpp">
      <Filter>Core</Filter>
    </ClCompile>
    <ClCompile Include="MiniginPCH.cpp">
      <Filter>Core</Filter>
    </ClCompile>
    <ClCompile Include="InputManager.cpp">
      <Filter>Input, Commands And Observers</Filter>
    </ClCompile>
    <ClCompile Include="GameObject.cpp">
      <Filter>GameObject</Filter>
    </ClCompile>
    <ClCompile Include="Font.cpp">
      <Filter>GameObject\Component</Filter>
    </ClCompile>
    <ClCompile Include="MeTime.cpp">
      <Filter>Scenes, ServiceLocator And Managers</Filter>
    </ClCompile>
    <ClCompile Include="EventObserver.cpp">
      <Filter>Input, Commands And Observers</Filter>
    </ClCompile>
    <ClCompile Include="EventSubject.cpp">
      <Filter>Input, Commands And Observers</Filter>
    </ClCompile>
    <ClCompile Include="TextureSpriteSheet.cpp">
      <Filter>GameObject\Component</Filter>
    </ClCompile>
    <ClCompile Include="Log.cpp">
      <Filter>Logging</Filter>
    </ClCompile>
    <ClCompile Include="Button.cpp">
      <Filter>UI</Filter>
    </ClCompile>
    <ClCompile Include="BinaryReader.cpp">
      <Filter>Binary Reader And Writer</Filter>
    </ClCompile>
    <ClCompile Include="BinaryWriter.cpp">
      <Filter>Binary Reader And Writer</Filter>
    </ClCompile>
    <ClCompile Include="UIElement.cpp">
      <Filter>UI</Filter>
    </ClCompile>
    <ClCompile Include="UIManager.cpp">
      <Filter>UI</Filter>
    </ClCompile>
    <ClCompile Include="FunctionCommand.cpp">
      <Filter>Input, Commands And Observers</Filter>
    </ClCompile>
    <ClCompile Include="BoxCollider.cpp">
      <Filter>GameObject\Component</Filter>
    </ClCompile>
  </ItemGroup>
  <ItemGroup>
    <Filter Include="Core">
      <UniqueIdentifier>{0457769d-6c13-4380-b076-ee70b8cce10c}</UniqueIdentifier>
    </Filter>
    <Filter Include="Audio">
      <UniqueIdentifier>{a736110e-f472-4c05-89af-4bb7cb1f729d}</UniqueIdentifier>
    </Filter>
    <Filter Include="Imgui">
      <UniqueIdentifier>{da5d76db-d0d8-4843-8fb1-2804bf9ae559}</UniqueIdentifier>
    </Filter>
    <Filter Include="GameObject">
      <UniqueIdentifier>{f0554878-930c-459d-a08d-ecdb34030c7e}</UniqueIdentifier>
    </Filter>
    <Filter Include="GameObject\Component">
      <UniqueIdentifier>{ca7c8644-358d-48e9-8461-b2503a4e45b7}</UniqueIdentifier>
    </Filter>
    <Filter Include="Renderer">
      <UniqueIdentifier>{c5bb2711-5b17-4f71-8c30-2ab93e6368fa}</UniqueIdentifier>
    </Filter>
    <Filter Include="Scenes, ServiceLocator And Managers">
      <UniqueIdentifier>{50995a3a-a84a-48f6-9824-0d0887c09de3}</UniqueIdentifier>
    </Filter>
    <Filter Include="Input, Commands And Observers">
      <UniqueIdentifier>{3f27b7d8-2fb0-4cc7-8e65-b16f6850d4c7}</UniqueIdentifier>
    </Filter>
    <Filter Include="UI">
      <UniqueIdentifier>{e261ee61-f910-4b00-884f-80710f47f94b}</UniqueIdentifier>
    </Filter>
    <Filter Include="Logging">
      <UniqueIdentifier>{2fcdb0e9-f113-4820-900c-8e06460b0854}</UniqueIdentifier>
    </Filter>
    <Filter Include="Binary Reader And Writer">
      <UniqueIdentifier>{233b592d-0642-4789-b31a-86becfac5b28}</UniqueIdentifier>
    </Filter>
  </ItemGroup>
</Project>